
Microsoft Visual Studio Solution File, Format Version 11.00
# Visual Studio 2010
Project("{FAE04EC0-301F-11D3-BF4B-00C04F79EFBC}") = "Minesweeper", "Minesweeper\Minesweeper.csproj", "{E330AA03-3E21-4442-A0B8-8089A8320879}"
EndProject
Project("{FAE04EC0-301F-11D3-BF4B-00C04F79EFBC}") = "MinesweeperTest", "MinesweeperTest\MinesweeperTest.csproj", "{6123D3C4-7E16-42D5-A32E-847CBED4CE32}"
EndProject
Project("{2150E333-8FDC-42A3-9474-1A3956D46DE8}") = "Solution Items", "Solution Items", "{B2C3282C-285F-4CEB-A336-926B5C0EC20E}"
	ProjectSection(SolutionItems) = preProject
		Local.testsettings = Local.testsettings
		Minesweeper.vsmdi = Minesweeper.vsmdi
		TraceAndTestImpact.testsettings = TraceAndTestImpact.testsettings
	EndProjectSection
EndProject
Global
	GlobalSection(TestCaseManagementSettings) = postSolution
		CategoryFile = Minesweeper.vsmdi
	EndGlobalSection
	GlobalSection(SolutionConfigurationPlatforms) = preSolution
		Debug|Any CPU = Debug|Any CPU
		Debug|Mixed Platforms = Debug|Mixed Platforms
		Debug|x86 = Debug|x86
		Release|Any CPU = Release|Any CPU
		Release|Mixed Platforms = Release|Mixed Platforms
		Release|x86 = Release|x86
	EndGlobalSection
	GlobalSection(ProjectConfigurationPlatforms) = postSolution
		{E330AA03-3E21-4442-A0B8-8089A8320879}.Debug|Any CPU.ActiveCfg = Debug|x86
		{E330AA03-3E21-4442-A0B8-8089A8320879}.Debug|Mixed Platforms.ActiveCfg = Debug|x86
		{E330AA03-3E21-4442-A0B8-8089A8320879}.Debug|Mixed Platforms.Build.0 = Debug|x86
		{E330AA03-3E21-4442-A0B8-8089A8320879}.Debug|x86.ActiveCfg = Debug|x86
		{E330AA03-3E21-4442-A0B8-8089A8320879}.Debug|x86.Build.0 = Debug|x86
		{E330AA03-3E21-4442-A0B8-8089A8320879}.Release|Any CPU.ActiveCfg = Release|x86
		{E330AA03-3E21-4442-A0B8-8089A8320879}.Release|Mixed Platforms.ActiveCfg = Release|x86
		{E330AA03-3E21-4442-A0B8-8089A8320879}.Release|Mixed Platforms.Build.0 = Release|x86
		{E330AA03-3E21-4442-A0B8-8089A8320879}.Release|x86.ActiveCfg = Release|x86
		{E330AA03-3E21-4442-A0B8-8089A8320879}.Release|x86.Build.0 = Release|x86
		{6123D3C4-7E16-42D5-A32E-847CBED4CE32}.Debug|Any CPU.ActiveCfg = Debug|Any CPU
		{6123D3C4-7E16-42D5-A32E-847CBED4CE32}.Debug|Any CPU.Build.0 = Debug|Any CPU
		{6123D3C4-7E16-42D5-A32E-847CBED4CE32}.Debug|Mixed Platforms.ActiveCfg = Debug|Any CPU
		{6123D3C4-7E16-42D5-A32E-847CBED4CE32}.Debug|Mixed Platforms.Build.0 = Debug|Any CPU
		{6123D3C4-7E16-42D5-A32E-847CBED4CE32}.Debug|x86.ActiveCfg = Debug|Any CPU
		{6123D3C4-7E16-42D5-A32E-847CBED4CE32}.Release|Any CPU.ActiveCfg = Release|Any CPU
		{6123D3C4-7E16-42D5-A32E-847CBED4CE32}.Release|Any CPU.Build.0 = Release|Any CPU
		{6123D3C4-7E16-42D5-A32E-847CBED4CE32}.Release|Mixed Platforms.ActiveCfg = Release|Any CPU
		{6123D3C4-7E16-42D5-A32E-847CBED4CE32}.Release|Mixed Platforms.Build.0 = Release|Any CPU
		{6123D3C4-7E16-42D5-A32E-847CBED4CE32}.Release|x86.ActiveCfg = Release|Any CPU
	EndGlobalSection
	GlobalSection(SolutionProperties) = preSolution
		HideSolutionNode = FALSE
	EndGlobalSection
EndGlobal
